
Microsoft Visual Studio Solution File, Format Version 12.00
# Visual Studio Version 16
VisualStudioVersion = 16.0.30517.126
MinimumVisualStudioVersion = 10.0.40219.1
Project("{FAE04EC0-301F-11D3-BF4B-00C04F79EFBC}") = "pract6_2zadanie__nomer3_", "pract6_2zadanie__nomer3_.csproj", "{C60FB834-1C7D-454B-A7C3-35DF2C3B2665}"
EndProject
Global
	GlobalSection(SolutionConfigurationPlatforms) = preSolution
		Debug|Any CPU = Debug|Any CPU
		Release|Any CPU = Release|Any CPU
	EndGlobalSection
	GlobalSection(ProjectConfigurationPlatforms) = postSolution
		{C60FB834-1C7D-454B-A7C3-35DF2C3B2665}.Debug|Any CPU.ActiveCfg = Debug|Any CPU
		{C60FB834-1C7D-454B-A7C3-35DF2C3B2665}.Debug|Any CPU.Build.0 = Debug|Any CPU
		{C60FB834-1C7D-454B-A7C3-35DF2C3B2665}.Release|Any CPU.ActiveCfg = Release|Any CPU
		{C60FB834-1C7D-454B-A7C3-35DF2C3B2665}.Release|Any CPU.Build.0 = Release|Any CPU
	EndGlobalSection
	GlobalSection(SolutionProperties) = preSolution
		HideSolutionNode = FALSE
	EndGlobalSection
	GlobalSection(ExtensibilityGlobals) = postSolution
		SolutionGuid = {427DF6E0-5B27-410B-9A61-D62A0D9F9EC7}
	EndGlobalSection
EndGlobal
